PODS:
  - MapboxCommon (21.0.1)
  - MapboxCoreMaps (10.2.0):
    - MapboxCommon (~> 21.0)
  - MapboxMaps (10.2.0):
    - MapboxCommon (= 21.0.1)
    - MapboxCoreMaps (= 10.2.0)
    - MapboxMobileEvents (= 1.0.6)
    - Turf (~> 2.0)
  - MapboxMobileEvents (1.0.6)
  - Turf (2.2.0)

DEPENDENCIES:
  - MapboxMaps (= 10.2.0)

SPEC REPOS:
  trunk:
    - MapboxCommon
    - MapboxCoreMaps
    - MapboxMaps
    - MapboxMobileEvents
    - Turf

SPEC CHECKSUMS:
  MapboxCommon: fdfdbd4e87a225190913f2f4b4a73ec51ed77eaa
  MapboxCoreMaps: bdd0115bfd8bf6df402468710cb23c926938b03d
  MapboxMaps: 1ed477cbe573a9e740801dfc9c636ef33bbc3f54
  MapboxMobileEvents: 14d7ac3ee95b4142c4fec2205dfd48ff453e8871
  Turf: 1a6bc2d0142f84610445159565c3c93d62b83897

PODFILE CHECKSUM: 3e3b4cfd45e58f9be798ec07481604db927c0d82

COCOAPODS: 1.11.2
